PODS:
  - libpng (1.6.35)
  - libwebp (1.0.2):
    - libwebp/core (= 1.0.2)
    - libwebp/dec (= 1.0.2)
    - libwebp/demux (= 1.0.2)
    - libwebp/dsp (= 1.0.2)
    - libwebp/enc (= 1.0.2)
    - libwebp/mux (= 1.0.2)
    - libwebp/utils (= 1.0.2)
    - libwebp/webp (= 1.0.2)
  - libwebp/core (1.0.2):
    - libwebp/webp
  - libwebp/dec (1.0.2):
    - libwebp/core
  - libwebp/demux (1.0.2):
    - libwebp/core
  - libwebp/dsp (1.0.2):
    - libwebp/core
  - libwebp/enc (1.0.2):
    - libwebp/core
  - libwebp/mux (1.0.2):
    - libwebp/core
  - libwebp/utils (1.0.2):
    - libwebp/core
  - libwebp/webp (1.0.2)
  - mozjpeg (3.3.1)
  - spectrum-folly (2019.01.21.00)
  - SpectrumCore (1.0.0):
    - spectrum-folly (~> 2019.01.21.00)
    - SpectrumCore/Plugins/Jpeg (= 1.0.0)
    - SpectrumCore/Plugins/Png (= 1.0.0)
    - SpectrumCore/Plugins/Webp (= 1.0.0)
  - SpectrumCore/Base (1.0.0):
    - spectrum-folly (~> 2019.01.21.00)
  - SpectrumCore/Plugins/Jpeg (1.0.0):
    - mozjpeg (= 3.3.1)
    - spectrum-folly (~> 2019.01.21.00)
    - SpectrumCore/Base (= 1.0.0)
  - SpectrumCore/Plugins/Png (1.0.0):
    - libpng (~> 1.6.35)
    - spectrum-folly (~> 2019.01.21.00)
    - SpectrumCore/Base (= 1.0.0)
  - SpectrumCore/Plugins/Webp (1.0.0):
    - libwebp (~> 1.0.2)
    - spectrum-folly (~> 2019.01.21.00)
    - SpectrumCore/Base (= 1.0.0)
  - SpectrumKit (1.0.0):
    - spectrum-folly (~> 2019.01.21.00)
    - SpectrumKit/Plugins/Default (= 1.0.0)
  - SpectrumKit/Base (1.0.0):
    - spectrum-folly (~> 2019.01.21.00)
    - SpectrumCore/Base
  - SpectrumKit/Plugins/Default (1.0.0):
    - spectrum-folly (~> 2019.01.21.00)
    - SpectrumKit/Plugins/Jpeg (= 1.0.0)
    - SpectrumKit/Plugins/Png (= 1.0.0)
    - SpectrumKit/Plugins/Webp (= 1.0.0)
  - SpectrumKit/Plugins/Jpeg (1.0.0):
    - spectrum-folly (~> 2019.01.21.00)
    - SpectrumCore/Plugins/Jpeg
    - SpectrumKit/Base (= 1.0.0)
  - SpectrumKit/Plugins/Png (1.0.0):
    - spectrum-folly (~> 2019.01.21.00)
    - SpectrumCore/Plugins/Png (= 1.0.0)
    - SpectrumKit/Base (= 1.0.0)
  - SpectrumKit/Plugins/Webp (1.0.0):
    - spectrum-folly (~> 2019.01.21.00)
    - SpectrumCore/Plugins/Webp (= 1.0.0)
    - SpectrumKit/Base (= 1.0.0)

DEPENDENCIES:
  - SpectrumCore (from `../../`)
  - SpectrumKit (from `../../`)

SPEC REPOS:
  https://github.com/cocoapods/specs.git:
    - libpng
    - libwebp
    - mozjpeg
    - spectrum-folly

EXTERNAL SOURCES:
  SpectrumCore:
    :path: "../../"
  SpectrumKit:
    :path: "../../"

SPEC CHECKSUMS:
  libpng: c490b0523e94f78697f83ad434fbaf715050e15b
  libwebp: b068a3bd7c45f7460f6715be7bed1a18fd5d6b48
  mozjpeg: a4d59753cccb0d7c2bcb38cd4eb936c72ec59234
  spectrum-folly: 7a893fae801f809e710d4d5a8325034131e0e949
  SpectrumCore: 82f978284476e8bc7cc9417c93c2e92a1ee822df
  SpectrumKit: 5350b39932cef4f89256acbf01b23e78530f9282

PODFILE CHECKSUM: a3355323527bc38784cfac19efa6537f855b6fa9

COCOAPODS: 1.5.3
